
Microsoft Visual Studio Solution File, Format Version 12.00
# Visual Studio 15
VisualStudioVersion = 15.0.28010.2003
MinimumVisualStudioVersion = 10.0.40219.1
Project("{8BC9CEB8-8B4A-11D0-8D11-00A0C91BC942}") = "Test4", "Test4\Test4.vcxproj", "{58A138DE-883B-4A50-A65E-A206DFF1363D}"
EndProject
Global
	GlobalSection(SolutionConfigurationPlatforms) = preSolution
		Debug|x64 = Debug|x64
		Debug|x86 = Debug|x86
		Release|x64 = Release|x64
		Release|x86 = Release|x86
	EndGlobalSection
	GlobalSection(ProjectConfigurationPlatforms) = postSolution
		{58A138DE-883B-4A50-A65E-A206DFF1363D}.Debug|x64.ActiveCfg = Debug|x64
		{58A138DE-883B-4A50-A65E-A206DFF1363D}.Debug|x64.Build.0 = Debug|x64
		{58A138DE-883B-4A50-A65E-A206DFF1363D}.Debug|x86.ActiveCfg = Debug|Win32
		{58A138DE-883B-4A50-A65E-A206DFF1363D}.Debug|x86.Build.0 = Debug|Win32
		{58A138DE-883B-4A50-A65E-A206DFF1363D}.Release|x64.ActiveCfg = Release|x64
		{58A138DE-883B-4A50-A65E-A206DFF1363D}.Release|x64.Build.0 = Release|x64
		{58A138DE-883B-4A50-A65E-A206DFF1363D}.Release|x86.ActiveCfg = Release|Win32
		{58A138DE-883B-4A50-A65E-A206DFF1363D}.Release|x86.Build.0 = Release|Win32
	EndGlobalSection
	GlobalSection(SolutionProperties) = preSolution
		HideSolutionNode = FALSE
	EndGlobalSection
	GlobalSection(ExtensibilityGlobals) = postSolution
		SolutionGuid = {6B3CE18F-0BF1-4E64-9F66-581B782537C6}
	EndGlobalSection
EndGlobal
